
Microsoft Visual Studio Solution File, Format Version 12.00
# Visual Studio Version 17
VisualStudioVersion = 17.5.33627.172
MinimumVisualStudioVersion = 10.0.40219.1
Project("{FAE04EC0-301F-11D3-BF4B-00C04F79EFBC}") = "WebshopApp", "WebshopApp\WebshopApp.csproj", "{708F2BCE-FE33-4103-BDF2-B8F78D01B741}"
EndProject
Global
	GlobalSection(SolutionConfigurationPlatforms) = preSolution
		Debug|Any CPU = Debug|Any CPU
		Release|Any CPU = Release|Any CPU
	EndGlobalSection
	GlobalSection(ProjectConfigurationPlatforms) = postSolution
		{708F2BCE-FE33-4103-BDF2-B8F78D01B741}.Debug|Any CPU.ActiveCfg = Debug|Any CPU
		{708F2BCE-FE33-4103-BDF2-B8F78D01B741}.Debug|Any CPU.Build.0 = Debug|Any CPU
		{708F2BCE-FE33-4103-BDF2-B8F78D01B741}.Release|Any CPU.ActiveCfg = Release|Any CPU
		{708F2BCE-FE33-4103-BDF2-B8F78D01B741}.Release|Any CPU.Build.0 = Release|Any CPU
	EndGlobalSection
	GlobalSection(SolutionProperties) = preSolution
		HideSolutionNode = FALSE
	EndGlobalSection
	GlobalSection(ExtensibilityGlobals) = postSolution
		SolutionGuid = {A01937E6-00F9-402C-A3D3-4FF0B90AB1B0}
	EndGlobalSection
EndGlobal
